
Microsoft Visual Studio Solution File, Format Version 12.00
# Visual Studio Version 17
VisualStudioVersion = 17.12.35707.178 d17.12
MinimumVisualStudioVersion = 10.0.40219.1
Project("{FAE04EC0-301F-11D3-BF4B-00C04F79EFBC}") = "DataAccesLayer", "DataAccesLayer\DataAccesLayer.csproj", "{B217E278-2ED8-4398-88B1-B6DCD54CBAAF}"
EndProject
Project("{FAE04EC0-301F-11D3-BF4B-00C04F79EFBC}") = "BusinessLogicLayer", "BusinessLogicLayer\BusinessLogicLayer.csproj", "{F153937B-7610-4015-909D-6117EE4B6144}"
EndProject
Project("{FAE04EC0-301F-11D3-BF4B-00C04F79EFBC}") = "FrontEnd", "FrontEnd\FrontEnd.csproj", "{09D93DF7-51D1-40BD-9DCA-C5D3287A9AC0}"
EndProject
Global
	GlobalSection(SolutionConfigurationPlatforms) = preSolution
		Debug|Any CPU = Debug|Any CPU
		Release|Any CPU = Release|Any CPU
	EndGlobalSection
	GlobalSection(ProjectConfigurationPlatforms) = postSolution
		{B217E278-2ED8-4398-88B1-B6DCD54CBAAF}.Debug|Any CPU.ActiveCfg = Debug|Any CPU
		{B217E278-2ED8-4398-88B1-B6DCD54CBAAF}.Debug|Any CPU.Build.0 = Debug|Any CPU
		{B217E278-2ED8-4398-88B1-B6DCD54CBAAF}.Release|Any CPU.ActiveCfg = Release|Any CPU
		{B217E278-2ED8-4398-88B1-B6DCD54CBAAF}.Release|Any CPU.Build.0 = Release|Any CPU
		{F153937B-7610-4015-909D-6117EE4B6144}.Debug|Any CPU.ActiveCfg = Debug|Any CPU
		{F153937B-7610-4015-909D-6117EE4B6144}.Debug|Any CPU.Build.0 = Debug|Any CPU
		{F153937B-7610-4015-909D-6117EE4B6144}.Release|Any CPU.ActiveCfg = Release|Any CPU
		{F153937B-7610-4015-909D-6117EE4B6144}.Release|Any CPU.Build.0 = Release|Any CPU
		{09D93DF7-51D1-40BD-9DCA-C5D3287A9AC0}.Debug|Any CPU.ActiveCfg = Debug|Any CPU
		{09D93DF7-51D1-40BD-9DCA-C5D3287A9AC0}.Debug|Any CPU.Build.0 = Debug|Any CPU
		{09D93DF7-51D1-40BD-9DCA-C5D3287A9AC0}.Release|Any CPU.ActiveCfg = Release|Any CPU
		{09D93DF7-51D1-40BD-9DCA-C5D3287A9AC0}.Release|Any CPU.Build.0 = Release|Any CPU
	EndGlobalSection
	GlobalSection(SolutionProperties) = preSolution
		HideSolutionNode = FALSE
	EndGlobalSection
EndGlobal
